
Microsoft Visual Studio Solution File, Format Version 12.00
# Visual Studio Version 16
VisualStudioVersion = 16.0.34407.143
MinimumVisualStudioVersion = 10.0.40219.1
Project("{8BC9CEB8-8B4A-11D0-8D11-00A0C91BC942}") = "List", "List.vcxproj", "{6BBC0DD1-DBC9-42A8-820B-5C3824EE0563}"
EndProject
Global
	GlobalSection(SolutionConfigurationPlatforms) = preSolution
		Debug|x64 = Debug|x64
		Debug|x86 = Debug|x86
		Release|x64 = Release|x64
		Release|x86 = Release|x86
	EndGlobalSection
	GlobalSection(ProjectConfigurationPlatforms) = postSolution
		{6BBC0DD1-DBC9-42A8-820B-5C3824EE0563}.Debug|x64.ActiveCfg = Debug|x64
		{6BBC0DD1-DBC9-42A8-820B-5C3824EE0563}.Debug|x64.Build.0 = Debug|x64
		{6BBC0DD1-DBC9-42A8-820B-5C3824EE0563}.Debug|x86.ActiveCfg = Debug|Win32
		{6BBC0DD1-DBC9-42A8-820B-5C3824EE0563}.Debug|x86.Build.0 = Debug|Win32
		{6BBC0DD1-DBC9-42A8-820B-5C3824EE0563}.Release|x64.ActiveCfg = Release|x64
		{6BBC0DD1-DBC9-42A8-820B-5C3824EE0563}.Release|x64.Build.0 = Release|x64
		{6BBC0DD1-DBC9-42A8-820B-5C3824EE0563}.Release|x86.ActiveCfg = Release|Win32
		{6BBC0DD1-DBC9-42A8-820B-5C3824EE0563}.Release|x86.Build.0 = Release|Win32
	EndGlobalSection
	GlobalSection(SolutionProperties) = preSolution
		HideSolutionNode = FALSE
	EndGlobalSection
	GlobalSection(ExtensibilityGlobals) = postSolution
		SolutionGuid = {7E26F9BB-118B-42E6-8DA1-F9A0E5A04882}
	EndGlobalSection
EndGlobal
